
Microsoft Visual Studio Solution File, Format Version 12.00
# Visual Studio 2013
VisualStudioVersion = 12.0.31101.0
MinimumVisualStudioVersion = 10.0.40219.1
Project("{159641D6-6404-4A2A-AE62-294DE0FE8301}") = "ETLprocessWithGit-Sakguel", "ETLprocessWithGit-Sakguel\ETLprocessWithGit-Sakguel.dtproj", "{85F6C62D-EB4A-498C-818E-88B59F47BF4C}"
EndProject
Global
	GlobalSection(SolutionConfigurationPlatforms) = preSolution
		Development|Default = Development|Default
	EndGlobalSection
	GlobalSection(ProjectConfigurationPlatforms) = postSolution
		{85F6C62D-EB4A-498C-818E-88B59F47BF4C}.Development|Default.ActiveCfg = Development
		{85F6C62D-EB4A-498C-818E-88B59F47BF4C}.Development|Default.Build.0 = Development
	EndGlobalSection
	GlobalSection(SolutionProperties) = preSolution
		HideSolutionNode = FALSE
	EndGlobalSection
EndGlobal
